<?xml version="1.0" encoding="utf-8"?>
<Project ToolsVersion="4.0" xmlns="http://schemas.microsoft.com/developer/msbuild/2003">
  <ItemGroup>
    <Filter Include="Исходные файлы">
      <UniqueIdentifier>{4FC737F1-C7A5-4376-A066-2A32D752A2FF}</UniqueIdentifier>
      <Extensions>cpp;c;cc;cxx;c++;cppm;ixx;def;odl;idl;hpj;bat;asm;asmx</Extensions>
    </Filter>
    <Filter Include="Файлы заголовков">
      <UniqueIdentifier>{93995380-89BD-4b04-88EB-625FBE52EBFB}</UniqueIdentifier>
      <Extensions>h;hh;hpp;hxx;h++;hm;inl;inc;ipp;xsd</Extensions>
    </Filter>
    <Filter Include="Файлы ресурсов">
      <UniqueIdentifier>{67DA6AB6-F800-4c08-8B7A-83BB121AAD01}</UniqueIdentifier>
      <Extensions>rc;ico;cur;bmp;dlg;rc2;rct;bin;rgs;gif;jpg;jpeg;jpe;resx;tiff;tif;png;wav;mfcribbon-ms</Extensions>
    </Filter>
    <Filter Include="Файлы входных данных">
      <UniqueIdentifier>{df11762a-86c8-4e3b-a8ab-678cb35751e5}</UniqueIdentifier>
    </Filter>
    <Filter Include="Файлы выходных данных">
      <UniqueIdentifier>{21e32651-eb12-42dc-839a-3390bf8a1eac}</UniqueIdentifier>
    </Filter>
  </ItemGroup>
  <ItemGroup>
    <ClCompile Include="gridbuilder.cpp">
      <Filter>Исходные файлы</Filter>
    </ClCompile>
    <ClCompile Include="coord.cpp">
      <Filter>Исходные файлы</Filter>
    </ClCompile>
    <ClCompile Include="phase.cpp">
      <Filter>Исходные файлы</Filter>
    </ClCompile>
    <ClCompile Include="storage.cpp">
      <Filter>Исходные файлы</Filter>
    </ClCompile>
    <ClCompile Include="programlog.cpp">
      <Filter>Исходные файлы</Filter>
    </ClCompile>
    <ClCompile Include="timeinfo.cpp">
      <Filter>Исходные файлы</Filter>
    </ClCompile>
    <ClCompile Include="FinalElemetsBasic.cpp">
      <Filter>Исходные файлы</Filter>
    </ClCompile>
    <ClCompile Include="slae.cpp">
      <Filter>Исходные файлы</Filter>
    </ClCompile>
    <ClCompile Include="sparsematrix.cpp">
      <Filter>Исходные файлы</Filter>
    </ClCompile>
    <ClCompile Include="array.cpp">
      <Filter>Исходные файлы</Filter>
    </ClCompile>
    <ClCompile Include="fem.cpp">
      <Filter>Исходные файлы</Filter>
    </ClCompile>
    <ClCompile Include="GlobalMatAssembler.cpp">
      <Filter>Исходные файлы</Filter>
    </ClCompile>
    <ClCompile Include="DifferentEquParams.cpp">
      <Filter>Исходные файлы</Filter>
    </ClCompile>
    <ClCompile Include="vectgeom.cpp">
      <Filter>Исходные файлы</Filter>
    </ClCompile>
    <ClCompile Include="fullmatrix.cpp">
      <Filter>Исходные файлы</Filter>
    </ClCompile>
    <ClCompile Include="flows.cpp">
      <Filter>Исходные файлы</Filter>
    </ClCompile>
    <ClCompile Include="gaussintegr.cpp">
      <Filter>Исходные файлы</Filter>
    </ClCompile>
    <ClCompile Include="facebasic.cpp">
      <Filter>Исходные файлы</Filter>
    </ClCompile>
    <ClCompile Include="satculcer.cpp">
      <Filter>Исходные файлы</Filter>
    </ClCompile>
    <ClCompile Include="main.cpp">
      <Filter>Исходные файлы</Filter>
    </ClCompile>
    <ClCompile Include="basicfunct3d.cpp">
      <Filter>Исходные файлы</Filter>
    </ClCompile>
    <ClCompile Include="flowelemculcer.cpp">
      <Filter>Исходные файлы</Filter>
    </ClCompile>
    <ClCompile Include="sne.cpp">
      <Filter>Исходные файлы</Filter>
    </ClCompile>
    <ClCompile Include="finitelemculcer.cpp">
      <Filter>Исходные файлы</Filter>
    </ClCompile>
  </ItemGroup>
  <ItemGroup>
    <ClInclude Include="gridbuilder.h">
      <Filter>Файлы заголовков</Filter>
    </ClInclude>
    <ClInclude Include="coord.h">
      <Filter>Файлы заголовков</Filter>
    </ClInclude>
    <ClInclude Include="phase.h">
      <Filter>Файлы заголовков</Filter>
    </ClInclude>
    <ClInclude Include="storage.h">
      <Filter>Файлы заголовков</Filter>
    </ClInclude>
    <ClInclude Include="programlog.h">
      <Filter>Файлы заголовков</Filter>
    </ClInclude>
    <ClInclude Include="timeinfo.h">
      <Filter>Файлы заголовков</Filter>
    </ClInclude>
    <ClInclude Include="FinalElemetsBasic.h">
      <Filter>Файлы заголовков</Filter>
    </ClInclude>
    <ClInclude Include="slae.h">
      <Filter>Файлы заголовков</Filter>
    </ClInclude>
    <ClInclude Include="sparsematrix.h">
      <Filter>Файлы заголовков</Filter>
    </ClInclude>
    <ClInclude Include="array.h">
      <Filter>Файлы заголовков</Filter>
    </ClInclude>
    <ClInclude Include="fem.h">
      <Filter>Файлы заголовков</Filter>
    </ClInclude>
    <ClInclude Include="DifferentEquParams.h">
      <Filter>Файлы заголовков</Filter>
    </ClInclude>
    <ClInclude Include="GlobalMatAssembler.h">
      <Filter>Файлы заголовков</Filter>
    </ClInclude>
    <ClInclude Include="vectgeom.h">
      <Filter>Файлы заголовков</Filter>
    </ClInclude>
    <ClInclude Include="fullmatrix.h">
      <Filter>Файлы заголовков</Filter>
    </ClInclude>
    <ClInclude Include="flows.h">
      <Filter>Файлы заголовков</Filter>
    </ClInclude>
    <ClInclude Include="gaussintegr.h">
      <Filter>Файлы заголовков</Filter>
    </ClInclude>
    <ClInclude Include="facebasic.h">
      <Filter>Файлы заголовков</Filter>
    </ClInclude>
    <ClInclude Include="satculcer.h">
      <Filter>Файлы заголовков</Filter>
    </ClInclude>
    <ClInclude Include="basicfunct3d.h">
      <Filter>Файлы заголовков</Filter>
    </ClInclude>
    <ClInclude Include="ecoord.h">
      <Filter>Файлы заголовков</Filter>
    </ClInclude>
    <ClInclude Include="flowelemculcer.h">
      <Filter>Файлы заголовков</Filter>
    </ClInclude>
    <ClInclude Include="qadregu.h">
      <Filter>Файлы заголовков</Filter>
    </ClInclude>
    <ClInclude Include="sne.h">
      <Filter>Файлы заголовков</Filter>
    </ClInclude>
    <ClInclude Include="finitelemculcer.h">
      <Filter>Файлы заголовков</Filter>
    </ClInclude>
  </ItemGroup>
  <ItemGroup>
    <Text Include="Borders.txt">
      <Filter>Файлы входных данных</Filter>
    </Text>
    <Text Include="CoordAndAreas.txt">
      <Filter>Файлы входных данных</Filter>
    </Text>
    <Text Include="SepParams.txt">
      <Filter>Файлы входных данных</Filter>
    </Text>
    <Text Include="FullCords.txt">
      <Filter>Файлы выходных данных</Filter>
    </Text>
    <Text Include="AreaPhases.txt">
      <Filter>Файлы входных данных</Filter>
    </Text>
    <Text Include="Phases.txt">
      <Filter>Файлы входных данных</Filter>
    </Text>
    <Text Include="CheckFile.txt">
      <Filter>Файлы выходных данных</Filter>
    </Text>
    <Text Include="OutCoords.txt">
      <Filter>Файлы выходных данных</Filter>
    </Text>
    <Text Include="OutFinitElems.txt">
      <Filter>Файлы выходных данных</Filter>
    </Text>
    <Text Include="Pressure.txt">
      <Filter>Файлы выходных данных</Filter>
    </Text>
    <Text Include="Flows.txt">
      <Filter>Файлы выходных данных</Filter>
    </Text>
    <Text Include="Saturations.txt">
      <Filter>Файлы выходных данных</Filter>
    </Text>
  </ItemGroup>
</Project>